
Microsoft Visual Studio Solution File, Format Version 12.00
# Visual Studio 15
VisualStudioVersion = 15.0.28307.329
MinimumVisualStudioVersion = 10.0.40219.1
Project("{FAE04EC0-301F-11D3-BF4B-00C04F79EFBC}") = "CharacterCreator.Winforms", "CharacterCreator.Winforms\CharacterCreator.Winforms.csproj", "{200307C7-C20E-48C6-BEA5-2B5E1FD8E315}"
EndProject
Project("{FAE04EC0-301F-11D3-BF4B-00C04F79EFBC}") = "CharacterCreator", "CharacterCreator\CharacterCreator.csproj", "{B0CE07B1-FFE5-493B-B83C-DA0696F45B03}"
EndProject
Global
	GlobalSection(SolutionConfigurationPlatforms) = preSolution
		Debug|Any CPU = Debug|Any CPU
		Release|Any CPU = Release|Any CPU
	EndGlobalSection
	GlobalSection(ProjectConfigurationPlatforms) = postSolution
		{200307C7-C20E-48C6-BEA5-2B5E1FD8E315}.Debug|Any CPU.ActiveCfg = Debug|Any CPU
		{200307C7-C20E-48C6-BEA5-2B5E1FD8E315}.Debug|Any CPU.Build.0 = Debug|Any CPU
		{200307C7-C20E-48C6-BEA5-2B5E1FD8E315}.Release|Any CPU.ActiveCfg = Release|Any CPU
		{200307C7-C20E-48C6-BEA5-2B5E1FD8E315}.Release|Any CPU.Build.0 = Release|Any CPU
		{B0CE07B1-FFE5-493B-B83C-DA0696F45B03}.Debug|Any CPU.ActiveCfg = Debug|Any CPU
		{B0CE07B1-FFE5-493B-B83C-DA0696F45B03}.Debug|Any CPU.Build.0 = Debug|Any CPU
		{B0CE07B1-FFE5-493B-B83C-DA0696F45B03}.Release|Any CPU.ActiveCfg = Release|Any CPU
		{B0CE07B1-FFE5-493B-B83C-DA0696F45B03}.Release|Any CPU.Build.0 = Release|Any CPU
	EndGlobalSection
	GlobalSection(SolutionProperties) = preSolution
		HideSolutionNode = FALSE
	EndGlobalSection
	GlobalSection(ExtensibilityGlobals) = postSolution
		SolutionGuid = {A7E77619-E68D-4E01-A245-D6A9C8DCF112}
	EndGlobalSection
EndGlobal
